
Microsoft Visual Studio Solution File, Format Version 12.00
# Visual Studio Version 16
VisualStudioVersion = 16.0.32106.194
MinimumVisualStudioVersion = 10.0.40219.1
Project("{FAE04EC0-301F-11D3-BF4B-00C04F79EFBC}") = "Lab8Gawbill", "Lab8Gawbill\Lab8Gawbill.csproj", "{54532012-9D6E-4F4E-AE05-E4024B85B64F}"
EndProject
Project("{FAE04EC0-301F-11D3-BF4B-00C04F79EFBC}") = "Lab8Gawbill.Tests", "Lab8Gawbill.Tests\Lab8Gawbill.Tests.csproj", "{5F1C5AC4-B0ED-48EF-B4C8-7B36A7826CF8}"
EndProject
Global
	GlobalSection(SolutionConfigurationPlatforms) = preSolution
		Debug|Any CPU = Debug|Any CPU
		Release|Any CPU = Release|Any CPU
	EndGlobalSection
	GlobalSection(ProjectConfigurationPlatforms) = postSolution
		{54532012-9D6E-4F4E-AE05-E4024B85B64F}.Debug|Any CPU.ActiveCfg = Debug|Any CPU
		{54532012-9D6E-4F4E-AE05-E4024B85B64F}.Debug|Any CPU.Build.0 = Debug|Any CPU
		{54532012-9D6E-4F4E-AE05-E4024B85B64F}.Release|Any CPU.ActiveCfg = Release|Any CPU
		{54532012-9D6E-4F4E-AE05-E4024B85B64F}.Release|Any CPU.Build.0 = Release|Any CPU
		{5F1C5AC4-B0ED-48EF-B4C8-7B36A7826CF8}.Debug|Any CPU.ActiveCfg = Debug|Any CPU
		{5F1C5AC4-B0ED-48EF-B4C8-7B36A7826CF8}.Debug|Any CPU.Build.0 = Debug|Any CPU
		{5F1C5AC4-B0ED-48EF-B4C8-7B36A7826CF8}.Release|Any CPU.ActiveCfg = Release|Any CPU
		{5F1C5AC4-B0ED-48EF-B4C8-7B36A7826CF8}.Release|Any CPU.Build.0 = Release|Any CPU
	EndGlobalSection
	GlobalSection(SolutionProperties) = preSolution
		HideSolutionNode = FALSE
	EndGlobalSection
	GlobalSection(ExtensibilityGlobals) = postSolution
		SolutionGuid = {37A527D5-4227-4842-A068-E56063956B12}
	EndGlobalSection
EndGlobal
